
Microsoft Visual Studio Solution File, Format Version 12.00
# Visual Studio Version 16
VisualStudioVersion = 16.0.29020.237
MinimumVisualStudioVersion = 10.0.40219.1
Project("{FAE04EC0-301F-11D3-BF4B-00C04F79EFBC}") = "wpfAppEntity", "wpfAppEntity\wpfAppEntity.csproj", "{363716D1-BB35-493D-95AE-6474746149C2}"
EndProject
Global
	GlobalSection(SolutionConfigurationPlatforms) = preSolution
		Debug|Any CPU = Debug|Any CPU
		Release|Any CPU = Release|Any CPU
	EndGlobalSection
	GlobalSection(ProjectConfigurationPlatforms) = postSolution
		{363716D1-BB35-493D-95AE-6474746149C2}.Debug|Any CPU.ActiveCfg = Debug|Any CPU
		{363716D1-BB35-493D-95AE-6474746149C2}.Debug|Any CPU.Build.0 = Debug|Any CPU
		{363716D1-BB35-493D-95AE-6474746149C2}.Release|Any CPU.ActiveCfg = Release|Any CPU
		{363716D1-BB35-493D-95AE-6474746149C2}.Release|Any CPU.Build.0 = Release|Any CPU
	EndGlobalSection
	GlobalSection(SolutionProperties) = preSolution
		HideSolutionNode = FALSE
	EndGlobalSection
	GlobalSection(ExtensibilityGlobals) = postSolution
		SolutionGuid = {F6490CB5-0555-4A3D-BA29-8D00CFCFB4CD}
	EndGlobalSection
EndGlobal
